
Microsoft Visual Studio Solution File, Format Version 12.00
# Visual Studio Version 17
VisualStudioVersion = 17.0.31903.59
MinimumVisualStudioVersion = 10.0.40219.1
Project("{9A19103F-16F7-4668-BE54-9A1E7A4F7556}") = "Dispatch.API", "Dispatch.API\Dispatch.API.csproj", "{86D8D271-6E72-45D0-B711-9BEB744C26AB}"
EndProject
Project("{9A19103F-16F7-4668-BE54-9A1E7A4F7556}") = "Dispatch.Application", "Dispatch.Application\Dispatch.Application.csproj", "{A81E6778-FAF1-48A1-963A-97841D987639}"
EndProject
Project("{9A19103F-16F7-4668-BE54-9A1E7A4F7556}") = "Dispatch.Infrastructure", "Dispatch.Infrastructure\Dispatch.Infrastructure.csproj", "{EBD7B1CD-98A9-40F1-83B5-D5F756B3D0D0}"
EndProject
Project("{9A19103F-16F7-4668-BE54-9A1E7A4F7556}") = "Dispatch.Domain", "Dispatch.Domain\Dispatch.Domain.csproj", "{105EA257-92C2-4F0A-9186-C1AA07DE1412}"
EndProject
Project("{2150E333-8FDC-42A3-9474-1A3956D46DE8}") = "TowZap.Client", "TowZap.Client", "{3E0E4E83-655F-4C88-B3E8-07243C33C654}"
EndProject
Project("{9A19103F-16F7-4668-BE54-9A1E7A4F7556}") = "TowZap.Client.Client", "TowZap.Client\Client\TowZap.Client.Client.csproj", "{C862702B-62E8-4190-84BA-9D89FC3163DB}"
EndProject
Project("{9A19103F-16F7-4668-BE54-9A1E7A4F7556}") = "TowZap.Client.Server", "TowZap.Client\Server\TowZap.Client.Server.csproj", "{4D6BFFB9-394C-471F-A735-7003C47495F5}"
EndProject
Project("{9A19103F-16F7-4668-BE54-9A1E7A4F7556}") = "TowZap.Client.Shared", "TowZap.Client\Shared\TowZap.Client.Shared.csproj", "{B5A9E54B-7275-4657-BD0D-F7BBF7F382EA}"
EndProject
Project("{FAE04EC0-301F-11D3-BF4B-00C04F79EFBC}") = "TowZap.DriverApp", "TowZap.DriverApp\TowZap.DriverApp.csproj", "{5817D5FC-FD1B-4F20-A093-3D21FCD90DE6}"
EndProject
Global
	GlobalSection(SolutionConfigurationPlatforms) = preSolution
		Debug|Any CPU = Debug|Any CPU
		Release|Any CPU = Release|Any CPU
	EndGlobalSection
	GlobalSection(ProjectConfigurationPlatforms) = postSolution
		{86D8D271-6E72-45D0-B711-9BEB744C26AB}.Debug|Any CPU.ActiveCfg = Debug|Any CPU
		{86D8D271-6E72-45D0-B711-9BEB744C26AB}.Debug|Any CPU.Build.0 = Debug|Any CPU
		{86D8D271-6E72-45D0-B711-9BEB744C26AB}.Release|Any CPU.ActiveCfg = Release|Any CPU
		{86D8D271-6E72-45D0-B711-9BEB744C26AB}.Release|Any CPU.Build.0 = Release|Any CPU
		{A81E6778-FAF1-48A1-963A-97841D987639}.Debug|Any CPU.ActiveCfg = Debug|Any CPU
		{A81E6778-FAF1-48A1-963A-97841D987639}.Debug|Any CPU.Build.0 = Debug|Any CPU
		{A81E6778-FAF1-48A1-963A-97841D987639}.Release|Any CPU.ActiveCfg = Release|Any CPU
		{A81E6778-FAF1-48A1-963A-97841D987639}.Release|Any CPU.Build.0 = Release|Any CPU
		{EBD7B1CD-98A9-40F1-83B5-D5F756B3D0D0}.Debug|Any CPU.ActiveCfg = Debug|Any CPU
		{EBD7B1CD-98A9-40F1-83B5-D5F756B3D0D0}.Debug|Any CPU.Build.0 = Debug|Any CPU
		{EBD7B1CD-98A9-40F1-83B5-D5F756B3D0D0}.Release|Any CPU.ActiveCfg = Release|Any CPU
		{EBD7B1CD-98A9-40F1-83B5-D5F756B3D0D0}.Release|Any CPU.Build.0 = Release|Any CPU
		{105EA257-92C2-4F0A-9186-C1AA07DE1412}.Debug|Any CPU.ActiveCfg = Debug|Any CPU
		{105EA257-92C2-4F0A-9186-C1AA07DE1412}.Debug|Any CPU.Build.0 = Debug|Any CPU
		{105EA257-92C2-4F0A-9186-C1AA07DE1412}.Release|Any CPU.ActiveCfg = Release|Any CPU
		{105EA257-92C2-4F0A-9186-C1AA07DE1412}.Release|Any CPU.Build.0 = Release|Any CPU
		{C862702B-62E8-4190-84BA-9D89FC3163DB}.Debug|Any CPU.ActiveCfg = Debug|Any CPU
		{C862702B-62E8-4190-84BA-9D89FC3163DB}.Debug|Any CPU.Build.0 = Debug|Any CPU
		{C862702B-62E8-4190-84BA-9D89FC3163DB}.Release|Any CPU.ActiveCfg = Release|Any CPU
		{C862702B-62E8-4190-84BA-9D89FC3163DB}.Release|Any CPU.Build.0 = Release|Any CPU
		{4D6BFFB9-394C-471F-A735-7003C47495F5}.Debug|Any CPU.ActiveCfg = Debug|Any CPU
		{4D6BFFB9-394C-471F-A735-7003C47495F5}.Debug|Any CPU.Build.0 = Debug|Any CPU
		{4D6BFFB9-394C-471F-A735-7003C47495F5}.Release|Any CPU.ActiveCfg = Release|Any CPU
		{4D6BFFB9-394C-471F-A735-7003C47495F5}.Release|Any CPU.Build.0 = Release|Any CPU
		{B5A9E54B-7275-4657-BD0D-F7BBF7F382EA}.Debug|Any CPU.ActiveCfg = Debug|Any CPU
		{B5A9E54B-7275-4657-BD0D-F7BBF7F382EA}.Debug|Any CPU.Build.0 = Debug|Any CPU
		{B5A9E54B-7275-4657-BD0D-F7BBF7F382EA}.Release|Any CPU.ActiveCfg = Release|Any CPU
		{B5A9E54B-7275-4657-BD0D-F7BBF7F382EA}.Release|Any CPU.Build.0 = Release|Any CPU
		{5817D5FC-FD1B-4F20-A093-3D21FCD90DE6}.Debug|Any CPU.ActiveCfg = Debug|Any CPU
		{5817D5FC-FD1B-4F20-A093-3D21FCD90DE6}.Debug|Any CPU.Build.0 = Debug|Any CPU
		{5817D5FC-FD1B-4F20-A093-3D21FCD90DE6}.Debug|Any CPU.Deploy.0 = Debug|Any CPU
		{5817D5FC-FD1B-4F20-A093-3D21FCD90DE6}.Release|Any CPU.ActiveCfg = Release|Any CPU
		{5817D5FC-FD1B-4F20-A093-3D21FCD90DE6}.Release|Any CPU.Build.0 = Release|Any CPU
		{5817D5FC-FD1B-4F20-A093-3D21FCD90DE6}.Release|Any CPU.Deploy.0 = Release|Any CPU
	EndGlobalSection
	GlobalSection(SolutionProperties) = preSolution
		HideSolutionNode = FALSE
	EndGlobalSection
	GlobalSection(NestedProjects) = preSolution
		{C862702B-62E8-4190-84BA-9D89FC3163DB} = {3E0E4E83-655F-4C88-B3E8-07243C33C654}
		{4D6BFFB9-394C-471F-A735-7003C47495F5} = {3E0E4E83-655F-4C88-B3E8-07243C33C654}
		{B5A9E54B-7275-4657-BD0D-F7BBF7F382EA} = {3E0E4E83-655F-4C88-B3E8-07243C33C654}
	EndGlobalSection
	GlobalSection(ExtensibilityGlobals) = postSolution
		SolutionGuid = {736F78FE-BAF4-4201-97CC-53AFBE5AFA13}
	EndGlobalSection
EndGlobal
